# THIS IS AN AUTOGENERATED FILE. DO NOT EDIT THIS FILE DIRECTLY.
# yarn lockfile v1


"@hashicorp/design-system-tokens@^2.3.0":
  version "2.3.0"
  resolved "https://registry.yarnpkg.com/@hashicorp/design-system-tokens/-/design-system-tokens-2.3.0.tgz#ea05796cad7e573245db90cd9089e44ac5cae5e1"
  integrity sha512-T2XhcgUeiGkNqvPu73yittDghEccUpIZc7Fh/g4PG7KEvJwbXItFWTRWoHSGR8T6r6LpOP5E6CC4hSVwGRugRg==
